
Microsoft Visual Studio Solution File, Format Version 12.00
# Visual Studio Version 16
VisualStudioVersion = 16.0.810.23
MinimumVisualStudioVersion = 10.0.40219.1
Project("{FAE04EC0-301F-11D3-BF4B-00C04F79EFBC}") = "Snake", "Snake.csproj", "{D3DB6A7D-EADF-469B-B030-C41380F683FE}"
EndProject
Global
	GlobalSection(SolutionConfigurationPlatforms) = preSolution
		Debug|Any CPU = Debug|Any CPU
		Release|Any CPU = Release|Any CPU
	EndGlobalSection
	GlobalSection(ProjectConfigurationPlatforms) = postSolution
		{D3DB6A7D-EADF-469B-B030-C41380F683FE}.Debug|Any CPU.ActiveCfg = Debug|Any CPU
		{D3DB6A7D-EADF-469B-B030-C41380F683FE}.Debug|Any CPU.Build.0 = Debug|Any CPU
		{D3DB6A7D-EADF-469B-B030-C41380F683FE}.Release|Any CPU.ActiveCfg = Release|Any CPU
		{D3DB6A7D-EADF-469B-B030-C41380F683FE}.Release|Any CPU.Build.0 = Release|Any CPU
	EndGlobalSection
	GlobalSection(SolutionProperties) = preSolution
		HideSolutionNode = FALSE
	EndGlobalSection
	GlobalSection(ExtensibilityGlobals) = postSolution
		SolutionGuid = {2DB6A7A4-9781-4411-A33F-B7E844C43C85}
	EndGlobalSection
EndGlobal
